// !$*UTF8*$!
{
	archiveVersion = 1;
	classes = {
	};
	objectVersion = 48;
	objects = {

/* Begin PBXBuildFile section */
		61814F442079D05800A9E366 /* AppDelegate.swift in Sources */ = {isa = PBXBuildFile; fileRef = 61814F432079D05800A9E366 /* AppDelegate.swift */; };
		61814F462079D05800A9E366 /* ViewController.swift in Sources */ = {isa = PBXBuildFile; fileRef = 61814F452079D05800A9E366 /* ViewController.swift */; };
		61814F492079D05900A9E366 /* Main.storyboard in Resources */ = {isa = PBXBuildFile; fileRef = 61814F472079D05900A9E366 /* Main.storyboard */; };
		61814F4B2079D05900A9E366 /* Assets.xcassets in Resources */ = {isa = PBXBuildFile; fileRef = 61814F4A2079D05900A9E366 /* Assets.xcassets */; };
		61814F4E2079D05900A9E366 /* LaunchScreen.storyboard in Resources */ = {isa = PBXBuildFile; fileRef = 61814F4C2079D05900A9E366 /* LaunchScreen.storyboard */; };
		61814F592079D05900A9E366 /* tweetItTests.swift in Sources */ = {isa = PBXBuildFile; fileRef = 61814F582079D05900A9E366 /* tweetItTests.swift */; };
		61814F64207A3DB600A9E366 /* HomeViewController.swift in Sources */ = {isa = PBXBuildFile; fileRef = 61814F63207A3DB600A9E366 /* HomeViewController.swift */; };
/* End PBXBuildFile section */

/* Begin PBXContainerItemProxy section */
		61814F552079D05900A9E366 /* PBXContainerItemProxy */ = {
			isa = PBXContainerItemProxy;
			containerPortal = 61814F382079D05800A9E366 /* Project object */;
			proxyType = 1;
			remoteGlobalIDString = 61814F3F2079D05800A9E366;
			remoteInfo = tweetIt;
		};
/* End PBXContainerItemProxy section */

/* Begin PBXFileReference section */
		61814F402079D05800A9E366 /* tweetIt.app */ = {isa = PBXFileReference; explicitFileType = wrapper.application; includeInIndex = 0; path = tweetIt.app; sourceTree = BUILT_PRODUCTS_DIR; };
		61814F432079D05800A9E366 /* AppDelegate.swift */ = {isa = PBXFileReference; lastKnownFileType = sourcecode.swift; path = AppDelegate.swift; sourceTree = "<group>"; };
		61814F452079D05800A9E366 /* ViewController.swift */ = {isa = PBXFileReference; lastKnownFileType = sourcecode.swift; path = ViewController.swift; sourceTree = "<group>"; };
		61814F482079D05900A9E366 /* Base */ = {isa = PBXFileReference; lastKnownFileType = file.storyboard; name = Base; path = Base.lproj/Main.storyboard; sourceTree = "<group>"; };
		61814F4A2079D05900A9E366 /* Assets.xcassets */ = {isa = PBXFileReference; lastKnownFileType = folder.assetcatalog; path = Assets.xcassets; sourceTree = "<group>"; };
		61814F4D2079D05900A9E366 /* Base */ = {isa = PBXFileReference; lastKnownFileType = file.storyboard; name = Base; path = Base.lproj/LaunchScreen.storyboard; sourceTree = "<group>"; };
		61814F4F2079D05900A9E366 /* Info.plist */ = {isa = PBXFileReference; lastKnownFileType = text.plist.xml; path = Info.plist; sourceTree = "<group>"; };
		61814F542079D05900A9E366 /* tweetItTests.xctest */ = {isa = PBXFileReference; explicitFileType = wrapper.cfbundle; includeInIndex = 0; path = tweetItTests.xctest; sourceTree = BUILT_PRODUCTS_DIR; };
		61814F582079D05900A9E366 /* tweetItTests.swift */ = {isa = PBXFileReference; lastKnownFileType = sourcecode.swift; path = tweetItTests.swift; sourceTree = "<group>"; };
		61814F5A2079D05900A9E366 /* Info.plist */ = {isa = PBXFileReference; lastKnownFileType = text.plist.xml; path = Info.plist; sourceTree = "<group>"; };
		61814F63207A3DB600A9E366 /* HomeViewController.swift */ = {isa = PBXFileReference; lastKnownFileType = sourcecode.swift; path = HomeViewController.swift; sourceTree = "<group>"; };
/* End PBXFileReference section */

/* Begin PBXFrameworksBuildPhase section */
		61814F3D2079D05800A9E366 /* Frameworks */ = {
			isa = PBXFrameworksBuildPhase;
			buildActionMask = 2147483647;
			files = (
			);
			runOnlyForDeploymentPostprocessing = 0;
		};
		61814F512079D05900A9E366 /* Frameworks */ = {
			isa = PBXFrameworksBuildPhase;
			buildActionMask = 2147483647;
			files = (
			);
			runOnlyForDeploymentPostprocessing = 0;
		};
/* End PBXFrameworksBuildPhase section */

/* Begin PBXGroup section */
		61814F372079D05800A9E366 = {
			isa = PBXGroup;
			children = (
				61814F422079D05800A9E366 /* tweetIt */,
				61814F572079D05900A9E366 /* tweetItTests */,
				61814F412079D05800A9E366 /* Products */,
			);
			sourceTree = "<group>";
		};
		61814F412079D05800A9E366 /* Products */ = {
			isa = PBXGroup;
			children = (
				61814F402079D05800A9E366 /* tweetIt.app */,
				61814F542079D05900A9E366 /* tweetItTests.xctest */,
			);
			name = Products;
			sourceTree = "<group>";
		};
		61814F422079D05800A9E366 /* tweetIt */ = {
			isa = PBXGroup;
			children = (
				61814F432079D05800A9E366 /* AppDelegate.swift */,
				61814F63207A3DB600A9E366 /* HomeViewController.swift */,
				61814F452079D05800A9E366 /* ViewController.swift */,
				61814F472079D05900A9E366 /* Main.storyboard */,
				61814F4A2079D05900A9E366 /* Assets.xcassets */,
				61814F4C2079D05900A9E366 /* LaunchScreen.storyboard */,
				61814F4F2079D05900A9E366 /* Info.plist */,
			);
			path = tweetIt;
			sourceTree = "<group>";
		};
		61814F572079D05900A9E366 /* tweetItTests */ = {
			isa = PBXGroup;
			children = (
				61814F582079D05900A9E366 /* tweetItTests.swift */,
				61814F5A2079D05900A9E366 /* Info.plist */,
			);
			path = tweetItTests;
			sourceTree = "<group>";
		};
/* End PBXGroup section */

/* Begin PBXNativeTarget section */
		61814F3F2079D05800A9E366 /* tweetIt */ = {
			isa = PBXNativeTarget;
			buildConfigurationList = 61814F5D2079D05900A9E366 /* Build configuration list for PBXNativeTarget "tweetIt" */;
			buildPhases = (
				61814F3C2079D05800A9E366 /* Sources */,
				61814F3D2079D05800A9E366 /* Frameworks */,
				61814F3E2079D05800A9E366 /* Resources */,
			);
			buildRules = (
			);
			dependencies = (
			);
			name = tweetIt;
			productName = tweetIt;
			productReference = 61814F402079D05800A9E366 /* tweetIt.app */;
			productType = "com.apple.product-type.application";
		};
		61814F532079D05900A9E366 /* tweetItTests */ = {
			isa = PBXNativeTarget;
			buildConfigurationList = 61814F602079D05900A9E366 /* Build configuration list for PBXNativeTarget "tweetItTests" */;
			buildPhases = (
				61814F502079D05900A9E366 /* Sources */,
				61814F512079D05900A9E366 /* Frameworks */,
				61814F522079D05900A9E366 /* Resources */,
			);
			buildRules = (
			);
			dependencies = (
				61814F562079D05900A9E366 /* PBXTargetDependency */,
			);
			name = tweetItTests;
			productName = tweetItTests;
			productReference = 61814F542079D05900A9E366 /* tweetItTests.xctest */;
			productType = "com.apple.product-type.bundle.unit-test";
		};
/* End PBXNativeTarget section */

/* Begin PBXProject section */
		61814F382079D05800A9E366 /* Project object */ = {
			isa = PBXProject;
			attributes = {
				LastSwiftUpdateCheck = 0920;
				LastUpgradeCheck = 0920;
				ORGANIZATIONNAME = "Chetan Bhalerao";
				TargetAttributes = {
					61814F3F2079D05800A9E366 = {
						CreatedOnToolsVersion = 9.2;
						ProvisioningStyle = Automatic;
					};
					61814F532079D05900A9E366 = {
						CreatedOnToolsVersion = 9.2;
						ProvisioningStyle = Automatic;
						TestTargetID = 61814F3F2079D05800A9E366;
					};
				};
			};
			buildConfigurationList = 61814F3B2079D05800A9E366 /* Build configuration list for PBXProject "tweetIt" */;
			compatibilityVersion = "Xcode 8.0";
			developmentRegion = en;
			hasScannedForEncodings = 0;
			knownRegions = (
				en,
				Base,
			);
			mainGroup = 61814F372079D05800A9E366;
			productRefGroup = 61814F412079D05800A9E366 /* Products */;
			projectDirPath = "";
			projectRoot = "";
			targets = (
				61814F3F2079D05800A9E366 /* tweetIt */,
				61814F532079D05900A9E366 /* tweetItTests */,
			);
		};
/* End PBXProject section */

/* Begin PBXResourcesBuildPhase section */
		61814F3E2079D05800A9E366 /* Resources */ = {
			isa = PBXResourcesBuildPhase;
			buildActionMask = 2147483647;
			files = (
				61814F4E2079D05900A9E366 /* LaunchScreen.storyboard in Resources */,
				61814F4B2079D05900A9E366 /* Assets.xcassets in Resources */,
				61814F492079D05900A9E366 /* Main.storyboard in Resources */,
			);
			runOnlyForDeploymentPostprocessing = 0;
		};
		61814F522079D05900A9E366 /* Resources */ = {
			isa = PBXResourcesBuildPhase;
			buildActionMask = 2147483647;
			files = (
			);
			runOnlyForDeploymentPostprocessing = 0;
		};
/* End PBXResourcesBuildPhase section */

/* Begin PBXSourcesBuildPhase section */
		61814F3C2079D05800A9E366 /* Sources */ = {
			isa = PBXSourcesBuildPhase;
			buildActionMask = 2147483647;
			files = (
				61814F462079D05800A9E366 /* ViewController.swift in Sources */,
				61814F442079D05800A9E366 /* AppDelegate.swift in Sources */,
				61814F64207A3DB600A9E366 /* HomeViewController.swift in Sources */,
			);
			runOnlyForDeploymentPostprocessing = 0;
		};
		61814F502079D05900A9E366 /* Sources */ = {
			isa = PBXSourcesBuildPhase;
			buildActionMask = 2147483647;
			files = (
				61814F592079D05900A9E366 /* tweetItTests.swift in Sources */,
			);
			runOnlyForDeploymentPostprocessing = 0;
		};
/* End PBXSourcesBuildPhase section */

/* Begin PBXTargetDependency section */
		61814F562079D05900A9E366 /* PBXTargetDependency */ = {
			isa = PBXTargetDependency;
			target = 61814F3F2079D05800A9E366 /* tweetIt */;
			targetProxy = 61814F552079D05900A9E366 /* PBXContainerItemProxy */;
		};
/* End PBXTargetDependency section */

/* Begin PBXVariantGroup section */
		61814F472079D05900A9E366 /* Main.storyboard */ = {
			isa = PBXVariantGroup;
			children = (
				61814F482079D05900A9E366 /* Base */,
			);
			name = Main.storyboard;
			sourceTree = "<group>";
		};
		61814F4C2079D05900A9E366 /* LaunchScreen.storyboard */ = {
			isa = PBXVariantGroup;
			children = (
				61814F4D2079D05900A9E366 /* Base */,
			);
			name = LaunchScreen.storyboard;
			sourceTree = "<group>";
		};
/* End PBXVariantGroup section */

/* Begin XCBuildConfiguration section */
		61814F5B2079D05900A9E366 /* Debug */ = {
			isa = XCBuildConfiguration;
			buildSettings = {
				ALWAYS_SEARCH_USER_PATHS = NO;
				CLANG_ANALYZER_NONNULL = YES;
				CLANG_ANALYZER_NUMBER_OBJECT_CONVERSION = YES_AGGRESSIVE;
				CLANG_CXX_LANGUAGE_STANDARD = "gnu++14";
				CLANG_CXX_LIBRARY = "libc++";
				CLANG_ENABLE_MODULES = YES;
				CLANG_ENABLE_OBJC_ARC = YES;
				CLANG_WARN_BLOCK_CAPTURE_AUTORELEASING = YES;
				CLANG_WARN_BOOL_CONVERSION = YES;
				CLANG_WARN_COMMA = YES;
				CLANG_WARN_CONSTANT_CONVERSION = YES;
				CLANG_WARN_DIRECT_OBJC_ISA_USAGE = YES_ERROR;
				CLANG_WARN_DOCUMENTATION_COMMENTS = YES;
				CLANG_WARN_EMPTY_BODY = YES;
				CLANG_WARN_ENUM_CONVERSION = YES;
				CLANG_WARN_INFINITE_RECURSION = YES;
				CLANG_WARN_INT_CONVERSION = YES;
				CLANG_WARN_NON_LITERAL_NULL_CONVERSION = YES;
				CLANG_WARN_OBJC_LITERAL_CONVERSION = YES;
				CLANG_WARN_OBJC_ROOT_CLASS = YES_ERROR;
				CLANG_WARN_RANGE_LOOP_ANALYSIS = YES;
				CLANG_WARN_STRICT_PROTOTYPES = YES;
				CLANG_WARN_SUSPICIOUS_MOVE = YES;
				CLANG_WARN_UNGUARDED_AVAILABILITY = YES_AGGRESSIVE;
				CLANG_WARN_UNREACHABLE_CODE = YES;
				CLANG_WARN__DUPLICATE_METHOD_MATCH = YES;
				CODE_SIGN_IDENTITY = "iPhone Developer";
				COPY_PHASE_STRIP = NO;
				DEBUG_INFORMATION_FORMAT = dwarf;
				ENABLE_STRICT_OBJC_MSGSEND = YES;
				ENABLE_TESTABILITY = YES;
				GCC_C_LANGUAGE_STANDARD = gnu11;
				GCC_DYNAMIC_NO_PIC = NO;
				GCC_NO_COMMON_BLOCKS = YES;
				GCC_OPTIMIZATION_LEVEL = 0;
				GCC_PREPROCESSOR_DEFINITIONS = (
					"DEBUG=1",
					"$(inherited)",
				);
				GCC_WARN_64_TO_32_BIT_CONVERSION = YES;
				GCC_WARN_ABOUT_RETURN_TYPE = YES_ERROR;
				GCC_WARN_UNDECLARED_SELECTOR = YES;
				GCC_WARN_UNINITIALIZED_AUTOS = YES_AGGRESSIVE;
				GCC_WARN_UNUSED_FUNCTION = YES;
				GCC_WARN_UNUSED_VARIABLE = YES;
				IPHONEOS_DEPLOYMENT_TARGET = 11.2;
				MTL_ENABLE_DEBUG_INFO = YES;
				ONLY_ACTIVE_ARCH = YES;
				SDKROOT = iphoneos;
				SWIFT_ACTIVE_COMPILATION_CONDITIONS = DEBUG;
				SWIFT_OPTIMIZATION_LEVEL = "-Onone";
			};
			name = Debug;
		};
		61814F5C2079D05900A9E366 /* Release */ = {
			isa = XCBuildConfiguration;
			buildSettings = {
				ALWAYS_SEARCH_USER_PATHS = NO;
				CLANG_ANALYZER_NONNULL = YES;
				CLANG_ANALYZER_NUMBER_OBJECT_CONVERSION = YES_AGGRESSIVE;
				CLANG_CXX_LANGUAGE_STANDARD = "gnu++14";
				CLANG_CXX_LIBRARY = "libc++";
				CLANG_ENABLE_MODULES = YES;
				CLANG_ENABLE_OBJC_ARC = YES;
				CLANG_WARN_BLOCK_CAPTURE_AUTORELEASING = YES;
				CLANG_WARN_BOOL_CONVERSION = YES;
				CLANG_WARN_COMMA = YES;
				CLANG_WARN_CONSTANT_CONVERSION = YES;
				CLANG_WARN_DIRECT_OBJC_ISA_USAGE = YES_ERROR;
				CLANG_WARN_DOCUMENTATION_COMMENTS = YES;
				CLANG_WARN_EMPTY_BODY = YES;
				CLANG_WARN_ENUM_CONVERSION = YES;
				CLANG_WARN_INFINITE_RECURSION = YES;
				CLANG_WARN_INT_CONVERSION = YES;
				CLANG_WARN_NON_LITERAL_NULL_CONVERSION = YES;
				CLANG_WARN_OBJC_LITERAL_CONVERSION = YES;
				CLANG_WARN_OBJC_ROOT_CLASS = YES_ERROR;
				CLANG_WARN_RANGE_LOOP_ANALYSIS = YES;
				CLANG_WARN_STRICT_PROTOTYPES = YES;
				CLANG_WARN_SUSPICIOUS_MOVE = YES;
				CLANG_WARN_UNGUARDED_AVAILABILITY = YES_AGGRESSIVE;
				CLANG_WARN_UNREACHABLE_CODE = YES;
				CLANG_WARN__DUPLICATE_METHOD_MATCH = YES;
				CODE_SIGN_IDENTITY = "iPhone Developer";
				COPY_PHASE_STRIP = NO;
				DEBUG_INFORMATION_FORMAT = "dwarf-with-dsym";
				ENABLE_NS_ASSERTIONS = NO;
				ENABLE_STRICT_OBJC_MSGSEND = YES;
				GCC_C_LANGUAGE_STANDARD = gnu11;
				GCC_NO_COMMON_BLOCKS = YES;
				GCC_WARN_64_TO_32_BIT_CONVERSION = YES;
				GCC_WARN_ABOUT_RETURN_TYPE = YES_ERROR;
				GCC_WARN_UNDECLARED_SELECTOR = YES;
				GCC_WARN_UNINITIALIZED_AUTOS = YES_AGGRESSIVE;
				GCC_WARN_UNUSED_FUNCTION = YES;
				GCC_WARN_UNUSED_VARIABLE = YES;
				IPHONEOS_DEPLOYMENT_TARGET = 11.2;
				MTL_ENABLE_DEBUG_INFO = NO;
				SDKROOT = iphoneos;
				SWIFT_OPTIMIZATION_LEVEL = "-Owholemodule";
				VALIDATE_PRODUCT = YES;
			};
			name = Release;
		};
		61814F5E2079D05900A9E366 /* Debug */ = {
			isa = XCBuildConfiguration;
			buildSettings = {
				ASSETCATALOG_COMPILER_APPICON_NAME = AppIcon;
				CODE_SIGN_STYLE = Automatic;
				INFOPLIST_FILE = tweetIt/Info.plist;
				LD_RUNPATH_SEARCH_PATHS = "$(inherited) @executable_path/Frameworks";
				PRODUCT_BUNDLE_IDENTIFIER = chetan.tweetIt;
				PRODUCT_NAME = "$(TARGET_NAME)";
				SWIFT_VERSION = 4.0;
				TARGETED_DEVICE_FAMILY = "1,2";
			};
			name = Debug;
		};
		61814F5F2079D05900A9E366 /* Release */ = {
			isa = XCBuildConfiguration;
			buildSettings = {
				ASSETCATALOG_COMPILER_APPICON_NAME = AppIcon;
				CODE_SIGN_STYLE = Automatic;
				INFOPLIST_FILE = tweetIt/Info.plist;
				LD_RUNPATH_SEARCH_PATHS = "$(inherited) @executable_path/Frameworks";
				PRODUCT_BUNDLE_IDENTIFIER = chetan.tweetIt;
				PRODUCT_NAME = "$(TARGET_NAME)";
				SWIFT_VERSION = 4.0;
				TARGETED_DEVICE_FAMILY = "1,2";
			};
			name = Release;
		};
		61814F612079D05900A9E366 /* Debug */ = {
			isa = XCBuildConfiguration;
			buildSettings = {
				ALWAYS_EMBED_SWIFT_STANDARD_LIBRARIES = YES;
				BUNDLE_LOADER = "$(TEST_HOST)";
				CODE_SIGN_STYLE = Automatic;
				INFOPLIST_FILE = tweetItTests/Info.plist;
				LD_RUNPATH_SEARCH_PATHS = "$(inherited) @executable_path/Frameworks @loader_path/Frameworks";
				PRODUCT_BUNDLE_IDENTIFIER = chetan.tweetItTests;
				PRODUCT_NAME = "$(TARGET_NAME)";
				SWIFT_VERSION = 4.0;
				TARGETED_DEVICE_FAMILY = "1,2";
				TEST_HOST = "$(BUILT_PRODUCTS_DIR)/tweetIt.app/tweetIt";
			};
			name = Debug;
		};
		61814F622079D05900A9E366 /* Release */ = {
			isa = XCBuildConfiguration;
			buildSettings = {
				ALWAYS_EMBED_SWIFT_STANDARD_LIBRARIES = YES;
				BUNDLE_LOADER = "$(TEST_HOST)";
				CODE_SIGN_STYLE = Automatic;
				INFOPLIST_FILE = tweetItTests/Info.plist;
				LD_RUNPATH_SEARCH_PATHS = "$(inherited) @executable_path/Frameworks @loader_path/Frameworks";
				PRODUCT_BUNDLE_IDENTIFIER = chetan.tweetItTests;
				PRODUCT_NAME = "$(TARGET_NAME)";
				SWIFT_VERSION = 4.0;
				TARGETED_DEVICE_FAMILY = "1,2";
				TEST_HOST = "$(BUILT_PRODUCTS_DIR)/tweetIt.app/tweetIt";
			};
			name = Release;
		};
/* End XCBuildConfiguration section */

/* Begin XCConfigurationList section */
		61814F3B2079D05800A9E366 /* Build configuration list for PBXProject "tweetIt" */ = {
			isa = XCConfigurationList;
			buildConfigurations = (
				61814F5B2079D05900A9E366 /* Debug */,
				61814F5C2079D05900A9E366 /* Release */,
			);
			defaultConfigurationIsVisible = 0;
			defaultConfigurationName = Release;
		};
		61814F5D2079D05900A9E366 /* Build configuration list for PBXNativeTarget "tweetIt" */ = {
			isa = XCConfigurationList;
			buildConfigurations = (
				61814F5E2079D05900A9E366 /* Debug */,
				61814F5F2079D05900A9E366 /* Release */,
			);
			defaultConfigurationIsVisible = 0;
			defaultConfigurationName = Release;
		};
		61814F602079D05900A9E366 /* Build configuration list for PBXNativeTarget "tweetItTests" */ = {
			isa = XCConfigurationList;
			buildConfigurations = (
				61814F612079D05900A9E366 /* Debug */,
				61814F622079D05900A9E366 /* Release */,
			);
			defaultConfigurationIsVisible = 0;
			defaultConfigurationName = Release;
		};
/* End XCConfigurationList section */
	};
	rootObject = 61814F382079D05800A9E366 /* Project object */;
}
